
Microsoft Visual Studio Solution File, Format Version 12.00
# Visual Studio Version 17
VisualStudioVersion = 17.2.32630.192
MinimumVisualStudioVersion = 10.0.40219.1
Project("{FAE04EC0-301F-11D3-BF4B-00C04F79EFBC}") = "WebApiAutoresyLibros", "WebApiAutoresyLibros\WebApiAutoresyLibros.csproj", "{D0699FE4-F009-4A6D-A270-E3233F15A735}"
EndProject
Global
	GlobalSection(SolutionConfigurationPlatforms) = preSolution
		Debug|Any CPU = Debug|Any CPU
		Release|Any CPU = Release|Any CPU
	EndGlobalSection
	GlobalSection(ProjectConfigurationPlatforms) = postSolution
		{D0699FE4-F009-4A6D-A270-E3233F15A735}.Debug|Any CPU.ActiveCfg = Debug|Any CPU
		{D0699FE4-F009-4A6D-A270-E3233F15A735}.Debug|Any CPU.Build.0 = Debug|Any CPU
		{D0699FE4-F009-4A6D-A270-E3233F15A735}.Release|Any CPU.ActiveCfg = Release|Any CPU
		{D0699FE4-F009-4A6D-A270-E3233F15A735}.Release|Any CPU.Build.0 = Release|Any CPU
	EndGlobalSection
	GlobalSection(SolutionProperties) = preSolution
		HideSolutionNode = FALSE
	EndGlobalSection
	GlobalSection(ExtensibilityGlobals) = postSolution
		SolutionGuid = {C8128CC6-BA5B-455B-88BB-1AA01F467128}
	EndGlobalSection
EndGlobal
